
Microsoft Visual Studio Solution File, Format Version 12.00
# Visual Studio 15
VisualStudioVersion = 15.0.27004.2009
MinimumVisualStudioVersion = 10.0.40219.1
Project("{9A19103F-16F7-4668-BE54-9A1E7A4F7556}") = "LaDanseDiscordBot", "LaDanseDiscordBot\LaDanseDiscordBot.csproj", "{CD99BE2F-E8E0-42AC-AB3A-EB4263313F97}"
	ProjectSection(ProjectDependencies) = postProject
		{4E5F4866-EDAF-46E1-B931-708B67F263AA} = {4E5F4866-EDAF-46E1-B931-708B67F263AA}
	EndProjectSection
EndProject
Project("{9A19103F-16F7-4668-BE54-9A1E7A4F7556}") = "LaDanseRestAPI", "LaDanseRestAPI\LaDanseRestAPI.csproj", "{4E5F4866-EDAF-46E1-B931-708B67F263AA}"
	ProjectSection(ProjectDependencies) = postProject
		{E236E35F-2EBB-4521-8E5B-D2E46DA8E94E} = {E236E35F-2EBB-4521-8E5B-D2E46DA8E94E}
	EndProjectSection
EndProject
Project("{FAE04EC0-301F-11D3-BF4B-00C04F79EFBC}") = "LaDanseSiteConnector", "LaDanseSiteConnector\LaDanseSiteConnector.csproj", "{E236E35F-2EBB-4521-8E5B-D2E46DA8E94E}"
EndProject
Global
	GlobalSection(SolutionConfigurationPlatforms) = preSolution
		Debug|Any CPU = Debug|Any CPU
		Release|Any CPU = Release|Any CPU
	EndGlobalSection
	GlobalSection(ProjectConfigurationPlatforms) = postSolution
		{CD99BE2F-E8E0-42AC-AB3A-EB4263313F97}.Debug|Any CPU.ActiveCfg = Debug|Any CPU
		{CD99BE2F-E8E0-42AC-AB3A-EB4263313F97}.Debug|Any CPU.Build.0 = Debug|Any CPU
		{CD99BE2F-E8E0-42AC-AB3A-EB4263313F97}.Release|Any CPU.ActiveCfg = Release|Any CPU
		{CD99BE2F-E8E0-42AC-AB3A-EB4263313F97}.Release|Any CPU.Build.0 = Release|Any CPU
		{4E5F4866-EDAF-46E1-B931-708B67F263AA}.Debug|Any CPU.ActiveCfg = Debug|Any CPU
		{4E5F4866-EDAF-46E1-B931-708B67F263AA}.Debug|Any CPU.Build.0 = Debug|Any CPU
		{4E5F4866-EDAF-46E1-B931-708B67F263AA}.Release|Any CPU.ActiveCfg = Release|Any CPU
		{4E5F4866-EDAF-46E1-B931-708B67F263AA}.Release|Any CPU.Build.0 = Release|Any CPU
		{E236E35F-2EBB-4521-8E5B-D2E46DA8E94E}.Debug|Any CPU.ActiveCfg = Debug|Any CPU
		{E236E35F-2EBB-4521-8E5B-D2E46DA8E94E}.Debug|Any CPU.Build.0 = Debug|Any CPU
		{E236E35F-2EBB-4521-8E5B-D2E46DA8E94E}.Release|Any CPU.ActiveCfg = Release|Any CPU
		{E236E35F-2EBB-4521-8E5B-D2E46DA8E94E}.Release|Any CPU.Build.0 = Release|Any CPU
	EndGlobalSection
	GlobalSection(SolutionProperties) = preSolution
		HideSolutionNode = FALSE
	EndGlobalSection
	GlobalSection(ExtensibilityGlobals) = postSolution
		SolutionGuid = {CEFEF141-1149-456D-8D0F-2CEF6C812099}
	EndGlobalSection
EndGlobal
